
Microsoft Visual Studio Solution File, Format Version 12.00
# Visual Studio Version 16
VisualStudioVersion = 16.0.31129.286
MinimumVisualStudioVersion = 10.0.40219.1
Project("{8BC9CEB8-8B4A-11D0-8D11-00A0C91BC942}") = "三子棋", "三子棋\三子棋.vcxproj", "{E6E50899-392D-43CE-BA28-3B87200DAFDB}"
EndProject
Global
	GlobalSection(SolutionConfigurationPlatforms) = preSolution
		Debug|x64 = Debug|x64
		Debug|x86 = Debug|x86
		Release|x64 = Release|x64
		Release|x86 = Release|x86
	EndGlobalSection
	GlobalSection(ProjectConfigurationPlatforms) = postSolution
		{E6E50899-392D-43CE-BA28-3B87200DAFDB}.Debug|x64.ActiveCfg = Debug|x64
		{E6E50899-392D-43CE-BA28-3B87200DAFDB}.Debug|x64.Build.0 = Debug|x64
		{E6E50899-392D-43CE-BA28-3B87200DAFDB}.Debug|x86.ActiveCfg = Debug|Win32
		{E6E50899-392D-43CE-BA28-3B87200DAFDB}.Debug|x86.Build.0 = Debug|Win32
		{E6E50899-392D-43CE-BA28-3B87200DAFDB}.Release|x64.ActiveCfg = Release|x64
		{E6E50899-392D-43CE-BA28-3B87200DAFDB}.Release|x64.Build.0 = Release|x64
		{E6E50899-392D-43CE-BA28-3B87200DAFDB}.Release|x86.ActiveCfg = Release|Win32
		{E6E50899-392D-43CE-BA28-3B87200DAFDB}.Release|x86.Build.0 = Release|Win32
	EndGlobalSection
	GlobalSection(SolutionProperties) = preSolution
		HideSolutionNode = FALSE
	EndGlobalSection
	GlobalSection(ExtensibilityGlobals) = postSolution
		SolutionGuid = {8E649350-A9FA-4CAE-97CA-9847C6A54EF4}
	EndGlobalSection
EndGlobal
