
Microsoft Visual Studio Solution File, Format Version 12.00
# Visual Studio Version 16
VisualStudioVersion = 16.0.31129.286
MinimumVisualStudioVersion = 10.0.40219.1
Project("{8BC9CEB8-8B4A-11D0-8D11-00A0C91BC942}") = "函数解决n的阶乘", "函数解决n的阶乘\函数解决n的阶乘.vcxproj", "{733A71B8-D613-41DD-BC85-D6A050A1CE1B}"
EndProject
Global
	GlobalSection(SolutionConfigurationPlatforms) = preSolution
		Debug|x64 = Debug|x64
		Debug|x86 = Debug|x86
		Release|x64 = Release|x64
		Release|x86 = Release|x86
	EndGlobalSection
	GlobalSection(ProjectConfigurationPlatforms) = postSolution
		{733A71B8-D613-41DD-BC85-D6A050A1CE1B}.Debug|x64.ActiveCfg = Debug|x64
		{733A71B8-D613-41DD-BC85-D6A050A1CE1B}.Debug|x64.Build.0 = Debug|x64
		{733A71B8-D613-41DD-BC85-D6A050A1CE1B}.Debug|x86.ActiveCfg = Debug|Win32
		{733A71B8-D613-41DD-BC85-D6A050A1CE1B}.Debug|x86.Build.0 = Debug|Win32
		{733A71B8-D613-41DD-BC85-D6A050A1CE1B}.Release|x64.ActiveCfg = Release|x64
		{733A71B8-D613-41DD-BC85-D6A050A1CE1B}.Release|x64.Build.0 = Release|x64
		{733A71B8-D613-41DD-BC85-D6A050A1CE1B}.Release|x86.ActiveCfg = Release|Win32
		{733A71B8-D613-41DD-BC85-D6A050A1CE1B}.Release|x86.Build.0 = Release|Win32
	EndGlobalSection
	GlobalSection(SolutionProperties) = preSolution
		HideSolutionNode = FALSE
	EndGlobalSection
	GlobalSection(ExtensibilityGlobals) = postSolution
		SolutionGuid = {538C900A-4206-4974-BF04-1B03170759B7}
	EndGlobalSection
EndGlobal
